
Microsoft Visual Studio Solution File, Format Version 12.00
# Visual Studio 2015
Project("{FAE04EC0-301F-11D3-BF4B-00C04F79EFBC}") = "Breakout_Clone.CSharp", "Breakout_Clone.CSharp.csproj", "{0ED202CA-2AD3-5952-C2D1-F97DC31AEA35}"
EndProject
Global
	GlobalSection(SolutionConfigurationPlatforms) = preSolution
		Debug|Any CPU = Debug|Any CPU
		Release|Any CPU = Release|Any CPU
	EndGlobalSection
	GlobalSection(ProjectConfigurationPlatforms) = postSolution
		{0ED202CA-2AD3-5952-C2D1-F97DC31AEA35}.Debug|Any CPU.ActiveCfg = Debug|Any CPU
		{0ED202CA-2AD3-5952-C2D1-F97DC31AEA35}.Debug|Any CPU.Build.0 = Debug|Any CPU
		{0ED202CA-2AD3-5952-C2D1-F97DC31AEA35}.Release|Any CPU.ActiveCfg = Release|Any CPU
		{0ED202CA-2AD3-5952-C2D1-F97DC31AEA35}.Release|Any CPU.Build.0 = Release|Any CPU
	EndGlobalSection
	GlobalSection(SolutionProperties) = preSolution
		HideSolutionNode = FALSE
	EndGlobalSection
EndGlobal
